
Microsoft Visual Studio Solution File, Format Version 12.00
# Visual Studio Version 17
VisualStudioVersion = 17.9.34723.18
MinimumVisualStudioVersion = 10.0.40219.1
Project("{FAE04EC0-301F-11D3-BF4B-00C04F79EFBC}") = "AppAmourConnect.Android", "AppAmourConnect.Android\AppAmourConnect.Android.csproj", "{9F1C155B-ABC2-4F4C-9291-B1613663C1BE}"
EndProject
Project("{FAE04EC0-301F-11D3-BF4B-00C04F79EFBC}") = "AppAmourConnect.iOS", "AppAmourConnect.iOS\AppAmourConnect.iOS.csproj", "{B04D67A7-2619-4451-A79D-34872B5C767F}"
EndProject
Project("{FAE04EC0-301F-11D3-BF4B-00C04F79EFBC}") = "AppAmourConnect", "AppAmourConnect\AppAmourConnect.csproj", "{6CAB4213-49B1-4A70-9FA0-64CD77B91D41}"
EndProject
Global
	GlobalSection(SolutionConfigurationPlatforms) = preSolution
		Debug|Any CPU = Debug|Any CPU
		Debug|iPhone = Debug|iPhone
		Debug|iPhoneSimulator = Debug|iPhoneSimulator
		Release|Any CPU = Release|Any CPU
		Release|iPhone = Release|iPhone
		Release|iPhoneSimulator = Release|iPhoneSimulator
	EndGlobalSection
	GlobalSection(ProjectConfigurationPlatforms) = postSolution
		{9F1C155B-ABC2-4F4C-9291-B1613663C1BE}.Debug|Any CPU.ActiveCfg = Debug|Any CPU
		{9F1C155B-ABC2-4F4C-9291-B1613663C1BE}.Debug|Any CPU.Build.0 = Debug|Any CPU
		{9F1C155B-ABC2-4F4C-9291-B1613663C1BE}.Debug|Any CPU.Deploy.0 = Debug|Any CPU
		{9F1C155B-ABC2-4F4C-9291-B1613663C1BE}.Debug|iPhone.ActiveCfg = Debug|Any CPU
		{9F1C155B-ABC2-4F4C-9291-B1613663C1BE}.Debug|iPhone.Build.0 = Debug|Any CPU
		{9F1C155B-ABC2-4F4C-9291-B1613663C1BE}.Debug|iPhone.Deploy.0 = Debug|Any CPU
		{9F1C155B-ABC2-4F4C-9291-B1613663C1BE}.Debug|iPhoneSimulator.ActiveCfg = Debug|Any CPU
		{9F1C155B-ABC2-4F4C-9291-B1613663C1BE}.Debug|iPhoneSimulator.Build.0 = Debug|Any CPU
		{9F1C155B-ABC2-4F4C-9291-B1613663C1BE}.Debug|iPhoneSimulator.Deploy.0 = Debug|Any CPU
		{9F1C155B-ABC2-4F4C-9291-B1613663C1BE}.Release|Any CPU.ActiveCfg = Release|Any CPU
		{9F1C155B-ABC2-4F4C-9291-B1613663C1BE}.Release|Any CPU.Build.0 = Release|Any CPU
		{9F1C155B-ABC2-4F4C-9291-B1613663C1BE}.Release|Any CPU.Deploy.0 = Release|Any CPU
		{9F1C155B-ABC2-4F4C-9291-B1613663C1BE}.Release|iPhone.ActiveCfg = Release|Any CPU
		{9F1C155B-ABC2-4F4C-9291-B1613663C1BE}.Release|iPhone.Build.0 = Release|Any CPU
		{9F1C155B-ABC2-4F4C-9291-B1613663C1BE}.Release|iPhone.Deploy.0 = Release|Any CPU
		{9F1C155B-ABC2-4F4C-9291-B1613663C1BE}.Release|iPhoneSimulator.ActiveCfg = Release|Any CPU
		{9F1C155B-ABC2-4F4C-9291-B1613663C1BE}.Release|iPhoneSimulator.Build.0 = Release|Any CPU
		{9F1C155B-ABC2-4F4C-9291-B1613663C1BE}.Release|iPhoneSimulator.Deploy.0 = Release|Any CPU
		{B04D67A7-2619-4451-A79D-34872B5C767F}.Debug|Any CPU.ActiveCfg = Debug|iPhone
		{B04D67A7-2619-4451-A79D-34872B5C767F}.Debug|Any CPU.Build.0 = Debug|iPhone
		{B04D67A7-2619-4451-A79D-34872B5C767F}.Debug|Any CPU.Deploy.0 = Debug|iPhone
		{B04D67A7-2619-4451-A79D-34872B5C767F}.Debug|iPhone.ActiveCfg = Debug|iPhone
		{B04D67A7-2619-4451-A79D-34872B5C767F}.Debug|iPhone.Build.0 = Debug|iPhone
		{B04D67A7-2619-4451-A79D-34872B5C767F}.Debug|iPhone.Deploy.0 = Debug|iPhone
		{B04D67A7-2619-4451-A79D-34872B5C767F}.Debug|iPhoneSimulator.ActiveCfg = Debug|iPhoneSimulator
		{B04D67A7-2619-4451-A79D-34872B5C767F}.Debug|iPhoneSimulator.Build.0 = Debug|iPhoneSimulator
		{B04D67A7-2619-4451-A79D-34872B5C767F}.Debug|iPhoneSimulator.Deploy.0 = Debug|iPhoneSimulator
		{B04D67A7-2619-4451-A79D-34872B5C767F}.Release|Any CPU.ActiveCfg = Release|iPhoneSimulator
		{B04D67A7-2619-4451-A79D-34872B5C767F}.Release|Any CPU.Build.0 = Release|iPhoneSimulator
		{B04D67A7-2619-4451-A79D-34872B5C767F}.Release|Any CPU.Deploy.0 = Release|iPhoneSimulator
		{B04D67A7-2619-4451-A79D-34872B5C767F}.Release|iPhone.ActiveCfg = Release|iPhone
		{B04D67A7-2619-4451-A79D-34872B5C767F}.Release|iPhone.Build.0 = Release|iPhone
		{B04D67A7-2619-4451-A79D-34872B5C767F}.Release|iPhone.Deploy.0 = Release|iPhone
		{B04D67A7-2619-4451-A79D-34872B5C767F}.Release|iPhoneSimulator.ActiveCfg = Release|iPhoneSimulator
		{B04D67A7-2619-4451-A79D-34872B5C767F}.Release|iPhoneSimulator.Build.0 = Release|iPhoneSimulator
		{B04D67A7-2619-4451-A79D-34872B5C767F}.Release|iPhoneSimulator.Deploy.0 = Release|iPhoneSimulator
		{6CAB4213-49B1-4A70-9FA0-64CD77B91D41}.Debug|Any CPU.ActiveCfg = Debug|Any CPU
		{6CAB4213-49B1-4A70-9FA0-64CD77B91D41}.Debug|Any CPU.Build.0 = Debug|Any CPU
		{6CAB4213-49B1-4A70-9FA0-64CD77B91D41}.Debug|Any CPU.Deploy.0 = Debug|Any CPU
		{6CAB4213-49B1-4A70-9FA0-64CD77B91D41}.Debug|iPhone.ActiveCfg = Debug|Any CPU
		{6CAB4213-49B1-4A70-9FA0-64CD77B91D41}.Debug|iPhone.Build.0 = Debug|Any CPU
		{6CAB4213-49B1-4A70-9FA0-64CD77B91D41}.Debug|iPhone.Deploy.0 = Debug|Any CPU
		{6CAB4213-49B1-4A70-9FA0-64CD77B91D41}.Debug|iPhoneSimulator.ActiveCfg = Debug|Any CPU
		{6CAB4213-49B1-4A70-9FA0-64CD77B91D41}.Debug|iPhoneSimulator.Build.0 = Debug|Any CPU
		{6CAB4213-49B1-4A70-9FA0-64CD77B91D41}.Debug|iPhoneSimulator.Deploy.0 = Debug|Any CPU
		{6CAB4213-49B1-4A70-9FA0-64CD77B91D41}.Release|Any CPU.ActiveCfg = Release|Any CPU
		{6CAB4213-49B1-4A70-9FA0-64CD77B91D41}.Release|Any CPU.Build.0 = Release|Any CPU
		{6CAB4213-49B1-4A70-9FA0-64CD77B91D41}.Release|Any CPU.Deploy.0 = Release|Any CPU
		{6CAB4213-49B1-4A70-9FA0-64CD77B91D41}.Release|iPhone.ActiveCfg = Release|Any CPU
		{6CAB4213-49B1-4A70-9FA0-64CD77B91D41}.Release|iPhone.Build.0 = Release|Any CPU
		{6CAB4213-49B1-4A70-9FA0-64CD77B91D41}.Release|iPhone.Deploy.0 = Release|Any CPU
		{6CAB4213-49B1-4A70-9FA0-64CD77B91D41}.Release|iPhoneSimulator.ActiveCfg = Release|Any CPU
		{6CAB4213-49B1-4A70-9FA0-64CD77B91D41}.Release|iPhoneSimulator.Build.0 = Release|Any CPU
		{6CAB4213-49B1-4A70-9FA0-64CD77B91D41}.Release|iPhoneSimulator.Deploy.0 = Release|Any CPU
	EndGlobalSection
	GlobalSection(SolutionProperties) = preSolution
		HideSolutionNode = FALSE
	EndGlobalSection
	GlobalSection(ExtensibilityGlobals) = postSolution
		SolutionGuid = {B8D8BEE4-2DB5-4E08-9528-F8888D853B35}
	EndGlobalSection
EndGlobal
